{
  "version": 4,
  "terraform_version": "1.9.5",
  "serial": 27,
  "lineage": "84ae7769-638f-f045-2062-e1570095a046",
  "outputs": {},
  "resources": [
    {
      "module": "module.EKS",
      "mode": "managed",
      "type": "aws_eks_cluster",
      "name": "eks_cluster",
      "provider": "provider[\"registry.terraform.io/hashicorp/aws\"]",
      "instances": [
        {
          "schema_version": 0,
          "attributes": {
            "arn": "arn:aws:eks:us-east-1:557690623053:cluster/ToDo-App",
            "certificate_authority": [
              {
                "data": "LS0tLS1CRUdJTiBDRVJUSUZJQ0FURS0tLS0tCk1JSURCVENDQWUyZ0F3SUJBZ0lJWDJxVU8wMXhGMEV3RFFZSktvWklodmNOQVFFTEJRQXdGVEVUTUJFR0ExVUUKQXhNS2EzVmlaWEp1WlhSbGN6QWVGdzB5TkRBNU1UQXhOelV5TURsYUZ3MHpOREE1TURneE56VTNNRGxhTUJVeApFekFSQmdOVkJBTVRDbXQxWW1WeWJtVjBaWE13Z2dFaU1BMEdDU3FHU0liM0RRRUJBUVVBQTRJQkR3QXdnZ0VLCkFvSUJBUURQMkdxR2lLc1QxSUJZS1kxRkZML0dCUjY4SGFjZXJ4TGZTUmVUaFQ3dUJZKzA2UXhQc0llM3lLckIKVHR5STlpWFNWd3ZwMndBa3ErMGh1VW5jVmt2VHd1cjd5MmpQa0NsbEgyMWlnanIva0Y1WE42RkFpTFlsNERodQplTXdBRXV0VXNkSW9lZEMzb1d1NFlMVG5VZHRzMmxpRW1IU2JKREtSRmhMa0N4Zld0Yk50N1JaS1Q2Mzk4TTJoCnk4dUdvZDJVQWNNRGg0eU43a3JuNFZqb0Zqb1h0eUhmbmN2OTFNdmh1b0tsbkF6Z3M4eFZLdVorQllSY2JzMFoKck1YOWU5MlIvWUdmaHRHR3AzWDhYc3h1WTNONXdUb0pxekp3N2tEcDdQZmFuTWR0VFdMUmd6SXpCMDhtSEZvbApCcjByMFR6bE5BY2w0dUFiSFdUaDZEUEtKZDlQQWdNQkFBR2pXVEJYTUE0R0ExVWREd0VCL3dRRUF3SUNwREFQCkJnTlZIUk1CQWY4RUJUQURBUUgvTUIwR0ExVWREZ1FXQkJTK2JqVGNzZjBwTUdreTMrUmpSSnY2WEpkN29EQVYKQmdOVkhSRUVEakFNZ2dwcmRXSmxjbTVsZEdWek1BMEdDU3FHU0liM0RRRUJDd1VBQTRJQkFRQk5HeXR4TG1TZwpOdy94OUQvbmgzRmpZQXlDalg0OWNmZEJLUHA5UkNScEVhZldWekFnNDJyQkZVL01EOU8rM3lmSDdvWi9YMVN6Cjk0Ty9PaXI3UnI3SnEyOXo0aXJudURsTzF3dG1OaGlldjI1UW5QaGp6OEgzYmpoL2dURGtmcERVU3A4MXBUUk4KbEZWZmNKd1EzUXlBS2kwZks3eTRkY0JTTHcvVkFOSkJ2STFhc01qZHVNT3dSdnpTYXF5U3BxdmRzcUhXalRPcwpuRmVYa2tYaFcxWHp5c1ZqSzhFeTgrWGRIUE5XeFpocm9uckpRc08zOUlRVHRXQXRTN0xYbGZHRW5FMStRMnB1CnJKYzdaOEFLYXNkckRPNjNtTTk4MzQwTU96dkppcVZlaGczVVFLZzlrTVpXNmoyaXVKTjhBSDNMalZiRThQbEgKQ0drTUwxWHJTcTR1Ci0tLS0tRU5EIENFUlRJRklDQVRFLS0tLS0K"
              }
            ],
            "cluster_id": null,
            "created_at": "2024-09-10 17:52:59.533 +0000 UTC",
            "enabled_cluster_log_types": null,
            "encryption_config": [],
            "endpoint": "https://05ECB5B4E07488B377591F3095C66023.gr7.us-east-1.eks.amazonaws.com",
            "id": "ToDo-App",
            "identity": [
              {
                "oidc": [
                  {
                    "issuer": "https://oidc.eks.us-east-1.amazonaws.com/id/05ECB5B4E07488B377591F3095C66023"
                  }
                ]
              }
            ],
            "kubernetes_network_config": [
              {
                "ip_family": "ipv4",
                "service_ipv4_cidr": "172.20.0.0/16",
                "service_ipv6_cidr": ""
              }
            ],
            "name": "ToDo-App",
            "outpost_config": [],
            "platform_version": "eks.22",
            "role_arn": "arn:aws:iam::557690623053:role/ToDo-App-EKS-role",
            "status": "ACTIVE",
            "tags": null,
            "tags_all": {},
            "timeouts": null,
            "version": "1.27",
            "vpc_config": [
              {
                "cluster_security_group_id": "sg-008784a0176141db8",
                "endpoint_private_access": false,
                "endpoint_public_access": true,
                "public_access_cidrs": [
                  "0.0.0.0/0"
                ],
                "security_group_ids": null,
                "subnet_ids": [
                  "subnet-01212a4121037ba0a",
                  "subnet-056c385d7b915bf8a",
                  "subnet-0cb5f70f335b7bbab",
                  "subnet-0ce0d10d07201de41"
                ],
                "vpc_id": "vpc-00af642f57e949c8a"
              }
            ]
          },
          "sensitive_attributes": [],
          "private": "eyJlMmJmYjczMC1lY2FhLTExZTYtOGY4OC0zNDM2M2JjN2M0YzAiOnsiY3JlYXRlIjoxODAwMDAwMDAwMDAwLCJkZWxldGUiOjkwMDAwMDAwMDAwMCwidXBkYXRlIjozNjAwMDAwMDAwMDAwfX0=",
          "dependencies": [
            "module.IAM.aws_iam_role.eks_cluster_iam_role",
            "module.VPC.aws_subnet.pri_sub3",
            "module.VPC.aws_subnet.pri_sub4",
            "module.VPC.aws_subnet.pub_sub1",
            "module.VPC.aws_subnet.pub_sub2",
            "module.VPC.aws_vpc.vpc",
            "module.VPC.data.aws_availability_zones.availability_zones"
          ]
        }
      ]
    },
    {
      "module": "module.IAM",
      "mode": "managed",
      "type": "aws_iam_role",
      "name": "eks_cluster_iam_role",
      "provider": "provider[\"registry.terraform.io/hashicorp/aws\"]",
      "instances": [
        {
          "schema_version": 0,
          "attributes": {
            "arn": "arn:aws:iam::557690623053:role/ToDo-App-EKS-role",
            "assume_role_policy": "{\"Statement\":[{\"Action\":\"sts:AssumeRole\",\"Effect\":\"Allow\",\"Principal\":{\"Service\":\"eks.amazonaws.com\"}}],\"Version\":\"2012-10-17\"}",
            "create_date": "2024-09-10T17:52:29Z",
            "description": "",
            "force_detach_policies": false,
            "id": "ToDo-App-EKS-role",
            "inline_policy": [],
            "managed_policy_arns": [],
            "max_session_duration": 3600,
            "name": "ToDo-App-EKS-role",
            "name_prefix": "",
            "path": "/",
            "permissions_boundary": null,
            "role_last_used": [
              {
                "last_used_date": "",
                "region": ""
              }
            ],
            "tags": null,
            "tags_all": {},
            "unique_id": "AROAYDWHTSRGQU7EWKRWX"
          },
          "sensitive_attributes": [],
          "private": "bnVsbA=="
        }
      ]
    },
    {
      "module": "module.IAM",
      "mode": "managed",
      "type": "aws_iam_role",
      "name": "node_group",
      "provider": "provider[\"registry.terraform.io/hashicorp/aws\"]",
      "instances": [
        {
          "schema_version": 0,
          "attributes": {
            "arn": "arn:aws:iam::557690623053:role/ToDo-App-node_group-role",
            "assume_role_policy": "{\"Statement\":[{\"Action\":\"sts:AssumeRole\",\"Effect\":\"Allow\",\"Principal\":{\"Service\":\"ec2.amazonaws.com\"}}],\"Version\":\"2012-10-17\"}",
            "create_date": "2024-09-10T17:52:29Z",
            "description": "",
            "force_detach_policies": false,
            "id": "ToDo-App-node_group-role",
            "inline_policy": [],
            "managed_policy_arns": [],
            "max_session_duration": 3600,
            "name": "ToDo-App-node_group-role",
            "name_prefix": "",
            "path": "/",
            "permissions_boundary": null,
            "role_last_used": [
              {
                "last_used_date": "",
                "region": ""
              }
            ],
            "tags": null,
            "tags_all": {},
            "unique_id": "AROAYDWHTSRGYSJ6L5KIZ"
          },
          "sensitive_attributes": [],
          "private": "bnVsbA=="
        }
      ]
    },
    {
      "module": "module.IAM",
      "mode": "managed",
      "type": "aws_iam_role_policy_attachment",
      "name": "ECR_read_only",
      "provider": "provider[\"registry.terraform.io/hashicorp/aws\"]",
      "instances": [
        {
          "schema_version": 0,
          "attributes": {
            "id": "ToDo-App-node_group-role-20240910175230596100000001",
            "policy_arn": "arn:aws:iam::aws:policy/AmazonEC2ContainerRegistryReadOnly",
            "role": "ToDo-App-node_group-role"
          },
          "sensitive_attributes": [],
          "private": "bnVsbA==",
          "dependencies": [
            "module.IAM.aws_iam_role.node_group"
          ]
        }
      ]
    },
    {
      "module": "module.IAM",
      "mode": "managed",
      "type": "aws_iam_role_policy_attachment",
      "name": "ELB_Fullaccess",
      "provider": "provider[\"registry.terraform.io/hashicorp/aws\"]",
      "instances": [
        {
          "schema_version": 0,
          "attributes": {
            "id": "ToDo-App-EKS-role-20240910175230621600000002",
            "policy_arn": "arn:aws:iam::aws:policy/ElasticLoadBalancingFullAccess",
            "role": "ToDo-App-EKS-role"
          },
          "sensitive_attributes": [],
          "private": "bnVsbA==",
          "dependencies": [
            "module.IAM.aws_iam_role.eks_cluster_iam_role"
          ]
        }
      ]
    },
    {
      "module": "module.IAM",
      "mode": "managed",
      "type": "aws_iam_role_policy_attachment",
      "name": "eks_cluster_policy",
      "provider": "provider[\"registry.terraform.io/hashicorp/aws\"]",
      "instances": [
        {
          "schema_version": 0,
          "attributes": {
            "id": "ToDo-App-EKS-role-20240910175231138800000005",
            "policy_arn": "arn:aws:iam::aws:policy/AmazonEKSClusterPolicy",
            "role": "ToDo-App-EKS-role"
          },
          "sensitive_attributes": [],
          "private": "bnVsbA==",
          "dependencies": [
            "module.IAM.aws_iam_role.eks_cluster_iam_role"
          ]
        }
      ]
    },
    {
      "module": "module.IAM",
      "mode": "managed",
      "type": "aws_iam_role_policy_attachment",
      "name": "eks_cni_policy",
      "provider": "provider[\"registry.terraform.io/hashicorp/aws\"]",
      "instances": [
        {
          "schema_version": 0,
          "attributes": {
            "id": "ToDo-App-node_group-role-20240910175230916100000004",
            "policy_arn": "arn:aws:iam::aws:policy/AmazonEKS_CNI_Policy",
            "role": "ToDo-App-node_group-role"
          },
          "sensitive_attributes": [],
          "private": "bnVsbA==",
          "dependencies": [
            "module.IAM.aws_iam_role.node_group"
          ]
        }
      ]
    },
    {
      "module": "module.IAM",
      "mode": "managed",
      "type": "aws_iam_role_policy_attachment",
      "name": "worker_node",
      "provider": "provider[\"registry.terraform.io/hashicorp/aws\"]",
      "instances": [
        {
          "schema_version": 0,
          "attributes": {
            "id": "ToDo-App-node_group-role-20240910175230870100000003",
            "policy_arn": "arn:aws:iam::aws:policy/AmazonEKSWorkerNodePolicy",
            "role": "ToDo-App-node_group-role"
          },
          "sensitive_attributes": [],
          "private": "bnVsbA==",
          "dependencies": [
            "module.IAM.aws_iam_role.node_group"
          ]
        }
      ]
    },
    {
      "module": "module.Nat-GW",
      "mode": "managed",
      "type": "aws_eip",
      "name": "EIP-NAT-GW1",
      "provider": "provider[\"registry.terraform.io/hashicorp/aws\"]",
      "instances": [
        {
          "schema_version": 0,
          "attributes": {
            "address": null,
            "allocation_id": "eipalloc-0dca790edfc273282",
            "associate_with_private_ip": null,
            "association_id": "",
            "carrier_ip": "",
            "customer_owned_ip": "",
            "customer_owned_ipv4_pool": "",
            "domain": "vpc",
            "id": "eipalloc-0dca790edfc273282",
            "instance": "",
            "network_border_group": "us-east-1",
            "network_interface": "",
            "private_dns": null,
            "private_ip": "",
            "public_dns": "ec2-52-3-34-55.compute-1.amazonaws.com",
            "public_ip": "52.3.34.55",
            "public_ipv4_pool": "amazon",
            "tags": {
              "Name": "NAT-GW-EIP1"
            },
            "tags_all": {
              "Name": "NAT-GW-EIP1"
            },
            "timeouts": null,
            "vpc": true
          },
          "sensitive_attributes": [],
          "private": "eyJlMmJmYjczMC1lY2FhLTExZTYtOGY4OC0zNDM2M2JjN2M0YzAiOnsiZGVsZXRlIjoxODAwMDAwMDAwMDAsInJlYWQiOjkwMDAwMDAwMDAwMCwidXBkYXRlIjozMDAwMDAwMDAwMDB9fQ=="
        }
      ]
    },
    {
      "module": "module.Nat-GW",
      "mode": "managed",
      "type": "aws_eip",
      "name": "EIP-NAT-GW2",
      "provider": "provider[\"registry.terraform.io/hashicorp/aws\"]",
      "instances": [
        {
          "schema_version": 0,
          "attributes": {
            "address": null,
            "allocation_id": "eipalloc-077aac941cf8a1264",
            "associate_with_private_ip": null,
            "association_id": "",
            "carrier_ip": "",
            "customer_owned_ip": "",
            "customer_owned_ipv4_pool": "",
            "domain": "vpc",
            "id": "eipalloc-077aac941cf8a1264",
            "instance": "",
            "network_border_group": "us-east-1",
            "network_interface": "",
            "private_dns": null,
            "private_ip": "",
            "public_dns": "ec2-3-93-254-55.compute-1.amazonaws.com",
            "public_ip": "3.93.254.55",
            "public_ipv4_pool": "amazon",
            "tags": {
              "Name": "NAT-GW-EIP2"
            },
            "tags_all": {
              "Name": "NAT-GW-EIP2"
            },
            "timeouts": null,
            "vpc": true
          },
          "sensitive_attributes": [],
          "private": "eyJlMmJmYjczMC1lY2FhLTExZTYtOGY4OC0zNDM2M2JjN2M0YzAiOnsiZGVsZXRlIjoxODAwMDAwMDAwMDAsInJlYWQiOjkwMDAwMDAwMDAwMCwidXBkYXRlIjozMDAwMDAwMDAwMDB9fQ=="
        }
      ]
    },
    {
      "module": "module.Nat-GW",
      "mode": "managed",
      "type": "aws_nat_gateway",
      "name": "nat_gw1",
      "provider": "provider[\"registry.terraform.io/hashicorp/aws\"]",
      "instances": [
        {
          "schema_version": 0,
          "attributes": {
            "allocation_id": "eipalloc-0dca790edfc273282",
            "association_id": "eipassoc-051dfb43e5e7fad50",
            "connectivity_type": "public",
            "id": "nat-079b1a82f485ec6ab",
            "network_interface_id": "eni-0d4c7e940c1e93a56",
            "private_ip": "10.0.1.182",
            "public_ip": "52.3.34.55",
            "subnet_id": "subnet-0cb5f70f335b7bbab",
            "tags": {
              "Name": "nat_gw1"
            },
            "tags_all": {
              "Name": "nat_gw1"
            }
          },
          "sensitive_attributes": [],
          "private": "bnVsbA==",
          "dependencies": [
            "module.Nat-GW.aws_eip.EIP-NAT-GW1",
            "module.VPC.aws_internet_gateway.igw",
            "module.VPC.aws_subnet.pub_sub1",
            "module.VPC.aws_vpc.vpc",
            "module.VPC.data.aws_availability_zones.availability_zones"
          ]
        }
      ]
    },
    {
      "module": "module.Nat-GW",
      "mode": "managed",
      "type": "aws_nat_gateway",
      "name": "nat_gw2",
      "provider": "provider[\"registry.terraform.io/hashicorp/aws\"]",
      "instances": [
        {
          "schema_version": 0,
          "attributes": {
            "allocation_id": "eipalloc-077aac941cf8a1264",
            "association_id": "eipassoc-06a6ee749b1fcf9ba",
            "connectivity_type": "public",
            "id": "nat-04f2844a279c6bd18",
            "network_interface_id": "eni-0291cd75a956265c4",
            "private_ip": "10.0.2.217",
            "public_ip": "3.93.254.55",
            "subnet_id": "subnet-0ce0d10d07201de41",
            "tags": {
              "Name": "nat_gw2"
            },
            "tags_all": {
              "Name": "nat_gw2"
            }
          },
          "sensitive_attributes": [],
          "private": "bnVsbA==",
          "dependencies": [
            "module.Nat-GW.aws_eip.EIP-NAT-GW2",
            "module.VPC.aws_internet_gateway.igw",
            "module.VPC.aws_subnet.pub_sub2",
            "module.VPC.aws_vpc.vpc",
            "module.VPC.data.aws_availability_zones.availability_zones"
          ]
        }
      ]
    },
    {
      "module": "module.Nat-GW",
      "mode": "managed",
      "type": "aws_route_table",
      "name": "pri-rt-a",
      "provider": "provider[\"registry.terraform.io/hashicorp/aws\"]",
      "instances": [
        {
          "schema_version": 0,
          "attributes": {
            "arn": "arn:aws:ec2:us-east-1:557690623053:route-table/rtb-005b21ca82a70a89d",
            "id": "rtb-005b21ca82a70a89d",
            "owner_id": "557690623053",
            "propagating_vgws": [],
            "route": [
              {
                "carrier_gateway_id": "",
                "cidr_block": "0.0.0.0/0",
                "core_network_arn": "",
                "destination_prefix_list_id": "",
                "egress_only_gateway_id": "",
                "gateway_id": "",
                "instance_id": "",
                "ipv6_cidr_block": "",
                "local_gateway_id": "",
                "nat_gateway_id": "nat-079b1a82f485ec6ab",
                "network_interface_id": "",
                "transit_gateway_id": "",
                "vpc_endpoint_id": "",
                "vpc_peering_connection_id": ""
              }
            ],
            "tags": {
              "Name": "pri-rt-a"
            },
            "tags_all": {
              "Name": "pri-rt-a"
            },
            "timeouts": null,
            "vpc_id": "vpc-00af642f57e949c8a"
          },
          "sensitive_attributes": [],
          "private": "eyJlMmJmYjczMC1lY2FhLTExZTYtOGY4OC0zNDM2M2JjN2M0YzAiOnsiY3JlYXRlIjozMDAwMDAwMDAwMDAsImRlbGV0ZSI6MzAwMDAwMDAwMDAwLCJ1cGRhdGUiOjEyMDAwMDAwMDAwMH19",
          "dependencies": [
            "module.Nat-GW.aws_eip.EIP-NAT-GW1",
            "module.Nat-GW.aws_nat_gateway.nat_gw1",
            "module.VPC.aws_internet_gateway.igw",
            "module.VPC.aws_subnet.pub_sub1",
            "module.VPC.aws_vpc.vpc",
            "module.VPC.data.aws_availability_zones.availability_zones"
          ]
        }
      ]
    },
    {
      "module": "module.Nat-GW",
      "mode": "managed",
      "type": "aws_route_table",
      "name": "pri-rt-b",
      "provider": "provider[\"registry.terraform.io/hashicorp/aws\"]",
      "instances": [
        {
          "schema_version": 0,
          "attributes": {
            "arn": "arn:aws:ec2:us-east-1:557690623053:route-table/rtb-06b8e02540a06ec1d",
            "id": "rtb-06b8e02540a06ec1d",
            "owner_id": "557690623053",
            "propagating_vgws": [],
            "route": [
              {
                "carrier_gateway_id": "",
                "cidr_block": "0.0.0.0/0",
                "core_network_arn": "",
                "destination_prefix_list_id": "",
                "egress_only_gateway_id": "",
                "gateway_id": "",
                "instance_id": "",
                "ipv6_cidr_block": "",
                "local_gateway_id": "",
                "nat_gateway_id": "nat-04f2844a279c6bd18",
                "network_interface_id": "",
                "transit_gateway_id": "",
                "vpc_endpoint_id": "",
                "vpc_peering_connection_id": ""
              }
            ],
            "tags": {
              "Name": "pri-rt-b"
            },
            "tags_all": {
              "Name": "pri-rt-b"
            },
            "timeouts": null,
            "vpc_id": "vpc-00af642f57e949c8a"
          },
          "sensitive_attributes": [],
          "private": "eyJlMmJmYjczMC1lY2FhLTExZTYtOGY4OC0zNDM2M2JjN2M0YzAiOnsiY3JlYXRlIjozMDAwMDAwMDAwMDAsImRlbGV0ZSI6MzAwMDAwMDAwMDAwLCJ1cGRhdGUiOjEyMDAwMDAwMDAwMH19",
          "dependencies": [
            "module.Nat-GW.aws_eip.EIP-NAT-GW2",
            "module.Nat-GW.aws_nat_gateway.nat_gw2",
            "module.VPC.aws_internet_gateway.igw",
            "module.VPC.aws_subnet.pub_sub2",
            "module.VPC.aws_vpc.vpc",
            "module.VPC.data.aws_availability_zones.availability_zones"
          ]
        }
      ]
    },
    {
      "module": "module.Nat-GW",
      "mode": "managed",
      "type": "aws_route_table_association",
      "name": "pri-sub3-with-pri-rt-a",
      "provider": "provider[\"registry.terraform.io/hashicorp/aws\"]",
      "instances": [
        {
          "schema_version": 0,
          "attributes": {
            "gateway_id": "",
            "id": "rtbassoc-08b64f808c4a60a96",
            "route_table_id": "rtb-005b21ca82a70a89d",
            "subnet_id": "subnet-056c385d7b915bf8a",
            "timeouts": null
          },
          "sensitive_attributes": [],
          "private": "eyJlMmJmYjczMC1lY2FhLTExZTYtOGY4OC0zNDM2M2JjN2M0YzAiOnsiY3JlYXRlIjozMDAwMDAwMDAwMDAsImRlbGV0ZSI6MzAwMDAwMDAwMDAwLCJ1cGRhdGUiOjEyMDAwMDAwMDAwMH19",
          "dependencies": [
            "module.Nat-GW.aws_eip.EIP-NAT-GW1",
            "module.Nat-GW.aws_nat_gateway.nat_gw1",
            "module.Nat-GW.aws_route_table.pri-rt-a",
            "module.VPC.aws_internet_gateway.igw",
            "module.VPC.aws_subnet.pri_sub3",
            "module.VPC.aws_subnet.pub_sub1",
            "module.VPC.aws_vpc.vpc",
            "module.VPC.data.aws_availability_zones.availability_zones"
          ]
        }
      ]
    },
    {
      "module": "module.Nat-GW",
      "mode": "managed",
      "type": "aws_route_table_association",
      "name": "pri-sub4-with-pri-rt-b",
      "provider": "provider[\"registry.terraform.io/hashicorp/aws\"]",
      "instances": [
        {
          "schema_version": 0,
          "attributes": {
            "gateway_id": "",
            "id": "rtbassoc-032a45dee02e081e8",
            "route_table_id": "rtb-06b8e02540a06ec1d",
            "subnet_id": "subnet-01212a4121037ba0a",
            "timeouts": null
          },
          "sensitive_attributes": [],
          "private": "eyJlMmJmYjczMC1lY2FhLTExZTYtOGY4OC0zNDM2M2JjN2M0YzAiOnsiY3JlYXRlIjozMDAwMDAwMDAwMDAsImRlbGV0ZSI6MzAwMDAwMDAwMDAwLCJ1cGRhdGUiOjEyMDAwMDAwMDAwMH19",
          "dependencies": [
            "module.Nat-GW.aws_eip.EIP-NAT-GW2",
            "module.Nat-GW.aws_nat_gateway.nat_gw2",
            "module.Nat-GW.aws_route_table.pri-rt-b",
            "module.VPC.aws_internet_gateway.igw",
            "module.VPC.aws_subnet.pri_sub4",
            "module.VPC.aws_subnet.pub_sub2",
            "module.VPC.aws_vpc.vpc",
            "module.VPC.data.aws_availability_zones.availability_zones"
          ]
        }
      ]
    },
    {
      "module": "module.NodeGroup",
      "mode": "managed",
      "type": "aws_eks_node_group",
      "name": "node_group",
      "provider": "provider[\"registry.terraform.io/hashicorp/aws\"]",
      "instances": [
        {
          "schema_version": 0,
          "attributes": {
            "ami_type": "AL2_x86_64",
            "arn": "arn:aws:eks:us-east-1:557690623053:nodegroup/ToDo-App/ToDo-App-node_group/34c8ee8b-83f9-4560-0198-d89eb14d5486",
            "capacity_type": "ON_DEMAND",
            "cluster_name": "ToDo-App",
            "disk_size": 20,
            "force_update_version": false,
            "id": "ToDo-App:ToDo-App-node_group",
            "instance_types": [
              "t3.small"
            ],
            "labels": {
              "name": "ToDo-App-node_group",
              "role": "ToDo-App-Node-group-role"
            },
            "launch_template": [],
            "node_group_name": "ToDo-App-node_group",
            "node_group_name_prefix": "",
            "node_role_arn": "arn:aws:iam::557690623053:role/ToDo-App-node_group-role",
            "release_version": "1.27.15-20240904",
            "remote_access": [],
            "resources": [
              {
                "autoscaling_groups": [
                  {
                    "name": "eks-ToDo-App-node_group-34c8ee8b-83f9-4560-0198-d89eb14d5486"
                  }
                ],
                "remote_access_security_group_id": ""
              }
            ],
            "scaling_config": [
              {
                "desired_size": 2,
                "max_size": 2,
                "min_size": 2
              }
            ],
            "status": "ACTIVE",
            "subnet_ids": [
              "subnet-01212a4121037ba0a",
              "subnet-056c385d7b915bf8a"
            ],
            "tags": null,
            "tags_all": {},
            "taint": [],
            "timeouts": null,
            "update_config": [
              {
                "max_unavailable": 1,
                "max_unavailable_percentage": 0
              }
            ],
            "version": "1.27"
          },
          "sensitive_attributes": [],
          "private": "eyJlMmJmYjczMC1lY2FhLTExZTYtOGY4OC0zNDM2M2JjN2M0YzAiOnsiY3JlYXRlIjozNjAwMDAwMDAwMDAwLCJkZWxldGUiOjM2MDAwMDAwMDAwMDAsInVwZGF0ZSI6MzYwMDAwMDAwMDAwMH19",
          "dependencies": [
            "module.EKS.aws_eks_cluster.eks_cluster",
            "module.IAM.aws_iam_role.eks_cluster_iam_role",
            "module.IAM.aws_iam_role.node_group",
            "module.VPC.aws_subnet.pri_sub3",
            "module.VPC.aws_subnet.pri_sub4",
            "module.VPC.aws_subnet.pub_sub1",
            "module.VPC.aws_subnet.pub_sub2",
            "module.VPC.aws_vpc.vpc",
            "module.VPC.data.aws_availability_zones.availability_zones"
          ]
        }
      ]
    },
    {
      "module": "module.VPC",
      "mode": "data",
      "type": "aws_availability_zones",
      "name": "availability_zones",
      "provider": "provider[\"registry.terraform.io/hashicorp/aws\"]",
      "instances": [
        {
          "schema_version": 0,
          "attributes": {
            "all_availability_zones": null,
            "exclude_names": null,
            "exclude_zone_ids": null,
            "filter": null,
            "group_names": [
              "us-east-1"
            ],
            "id": "us-east-1",
            "names": [
              "us-east-1a",
              "us-east-1b",
              "us-east-1c",
              "us-east-1d",
              "us-east-1e",
              "us-east-1f"
            ],
            "state": null,
            "timeouts": null,
            "zone_ids": [
              "use1-az1",
              "use1-az2",
              "use1-az4",
              "use1-az6",
              "use1-az3",
              "use1-az5"
            ]
          },
          "sensitive_attributes": []
        }
      ]
    },
    {
      "module": "module.VPC",
      "mode": "managed",
      "type": "aws_internet_gateway",
      "name": "igw",
      "provider": "provider[\"registry.terraform.io/hashicorp/aws\"]",
      "instances": [
        {
          "schema_version": 0,
          "attributes": {
            "arn": "arn:aws:ec2:us-east-1:557690623053:internet-gateway/igw-016145214e314b57d",
            "id": "igw-016145214e314b57d",
            "owner_id": "557690623053",
            "tags": {
              "Name": "ToDo-App-igw"
            },
            "tags_all": {
              "Name": "ToDo-App-igw"
            },
            "timeouts": null,
            "vpc_id": "vpc-00af642f57e949c8a"
          },
          "sensitive_attributes": [],
          "private": "eyJlMmJmYjczMC1lY2FhLTExZTYtOGY4OC0zNDM2M2JjN2M0YzAiOnsiY3JlYXRlIjoxMjAwMDAwMDAwMDAwLCJkZWxldGUiOjEyMDAwMDAwMDAwMDAsInVwZGF0ZSI6MTIwMDAwMDAwMDAwMH19",
          "dependencies": [
            "module.VPC.aws_vpc.vpc"
          ]
        }
      ]
    },
    {
      "module": "module.VPC",
      "mode": "managed",
      "type": "aws_route_table",
      "name": "pub_rt",
      "provider": "provider[\"registry.terraform.io/hashicorp/aws\"]",
      "instances": [
        {
          "schema_version": 0,
          "attributes": {
            "arn": "arn:aws:ec2:us-east-1:557690623053:route-table/rtb-0dc845b9cefb53dde",
            "id": "rtb-0dc845b9cefb53dde",
            "owner_id": "557690623053",
            "propagating_vgws": [],
            "route": [
              {
                "carrier_gateway_id": "",
                "cidr_block": "0.0.0.0/0",
                "core_network_arn": "",
                "destination_prefix_list_id": "",
                "egress_only_gateway_id": "",
                "gateway_id": "igw-016145214e314b57d",
                "instance_id": "",
                "ipv6_cidr_block": "",
                "local_gateway_id": "",
                "nat_gateway_id": "",
                "network_interface_id": "",
                "transit_gateway_id": "",
                "vpc_endpoint_id": "",
                "vpc_peering_connection_id": ""
              }
            ],
            "tags": {
              "Name": "ToDo-App-pub_rt"
            },
            "tags_all": {
              "Name": "ToDo-App-pub_rt"
            },
            "timeouts": null,
            "vpc_id": "vpc-00af642f57e949c8a"
          },
          "sensitive_attributes": [],
          "private": "eyJlMmJmYjczMC1lY2FhLTExZTYtOGY4OC0zNDM2M2JjN2M0YzAiOnsiY3JlYXRlIjozMDAwMDAwMDAwMDAsImRlbGV0ZSI6MzAwMDAwMDAwMDAwLCJ1cGRhdGUiOjEyMDAwMDAwMDAwMH19",
          "dependencies": [
            "module.VPC.aws_internet_gateway.igw",
            "module.VPC.aws_vpc.vpc"
          ]
        }
      ]
    },
    {
      "module": "module.VPC",
      "mode": "managed",
      "type": "aws_route_table_association",
      "name": "pub_rt_a",
      "provider": "provider[\"registry.terraform.io/hashicorp/aws\"]",
      "instances": [
        {
          "schema_version": 0,
          "attributes": {
            "gateway_id": "",
            "id": "rtbassoc-09a16be61b6f4630f",
            "route_table_id": "rtb-0dc845b9cefb53dde",
            "subnet_id": "subnet-0cb5f70f335b7bbab",
            "timeouts": null
          },
          "sensitive_attributes": [],
          "private": "eyJlMmJmYjczMC1lY2FhLTExZTYtOGY4OC0zNDM2M2JjN2M0YzAiOnsiY3JlYXRlIjozMDAwMDAwMDAwMDAsImRlbGV0ZSI6MzAwMDAwMDAwMDAwLCJ1cGRhdGUiOjEyMDAwMDAwMDAwMH19",
          "dependencies": [
            "module.VPC.aws_internet_gateway.igw",
            "module.VPC.aws_route_table.pub_rt",
            "module.VPC.aws_subnet.pub_sub1",
            "module.VPC.aws_vpc.vpc",
            "module.VPC.data.aws_availability_zones.availability_zones"
          ]
        }
      ]
    },
    {
      "module": "module.VPC",
      "mode": "managed",
      "type": "aws_route_table_association",
      "name": "pub_rt_b",
      "provider": "provider[\"registry.terraform.io/hashicorp/aws\"]",
      "instances": [
        {
          "schema_version": 0,
          "attributes": {
            "gateway_id": "",
            "id": "rtbassoc-0b79669c357c62567",
            "route_table_id": "rtb-0dc845b9cefb53dde",
            "subnet_id": "subnet-0ce0d10d07201de41",
            "timeouts": null
          },
          "sensitive_attributes": [],
          "private": "eyJlMmJmYjczMC1lY2FhLTExZTYtOGY4OC0zNDM2M2JjN2M0YzAiOnsiY3JlYXRlIjozMDAwMDAwMDAwMDAsImRlbGV0ZSI6MzAwMDAwMDAwMDAwLCJ1cGRhdGUiOjEyMDAwMDAwMDAwMH19",
          "dependencies": [
            "module.VPC.aws_internet_gateway.igw",
            "module.VPC.aws_route_table.pub_rt",
            "module.VPC.aws_subnet.pub_sub2",
            "module.VPC.aws_vpc.vpc",
            "module.VPC.data.aws_availability_zones.availability_zones"
          ]
        }
      ]
    },
    {
      "module": "module.VPC",
      "mode": "managed",
      "type": "aws_subnet",
      "name": "pri_sub3",
      "provider": "provider[\"registry.terraform.io/hashicorp/aws\"]",
      "instances": [
        {
          "schema_version": 1,
          "attributes": {
            "arn": "arn:aws:ec2:us-east-1:557690623053:subnet/subnet-056c385d7b915bf8a",
            "assign_ipv6_address_on_creation": false,
            "availability_zone": "us-east-1a",
            "availability_zone_id": "use1-az1",
            "cidr_block": "10.0.3.0/24",
            "customer_owned_ipv4_pool": "",
            "enable_dns64": false,
            "enable_lni_at_device_index": 0,
            "enable_resource_name_dns_a_record_on_launch": false,
            "enable_resource_name_dns_aaaa_record_on_launch": false,
            "id": "subnet-056c385d7b915bf8a",
            "ipv6_cidr_block": "",
            "ipv6_cidr_block_association_id": "",
            "ipv6_native": false,
            "map_customer_owned_ip_on_launch": false,
            "map_public_ip_on_launch": false,
            "outpost_arn": "",
            "owner_id": "557690623053",
            "private_dns_hostname_type_on_launch": "ip-name",
            "tags": {
              "Name": "pri-sub3",
              "kubernetes.io/cluster/ToDo-App": "shared",
              "kubernetes.io/role/internal-elb": "1"
            },
            "tags_all": {
              "Name": "pri-sub3",
              "kubernetes.io/cluster/ToDo-App": "shared",
              "kubernetes.io/role/internal-elb": "1"
            },
            "timeouts": null,
            "vpc_id": "vpc-00af642f57e949c8a"
          },
          "sensitive_attributes": [],
          "private": "eyJlMmJmYjczMC1lY2FhLTExZTYtOGY4OC0zNDM2M2JjN2M0YzAiOnsiY3JlYXRlIjo2MDAwMDAwMDAwMDAsImRlbGV0ZSI6MTIwMDAwMDAwMDAwMH0sInNjaGVtYV92ZXJzaW9uIjoiMSJ9",
          "dependencies": [
            "module.VPC.aws_vpc.vpc",
            "module.VPC.data.aws_availability_zones.availability_zones"
          ]
        }
      ]
    },
    {
      "module": "module.VPC",
      "mode": "managed",
      "type": "aws_subnet",
      "name": "pri_sub4",
      "provider": "provider[\"registry.terraform.io/hashicorp/aws\"]",
      "instances": [
        {
          "schema_version": 1,
          "attributes": {
            "arn": "arn:aws:ec2:us-east-1:557690623053:subnet/subnet-01212a4121037ba0a",
            "assign_ipv6_address_on_creation": false,
            "availability_zone": "us-east-1b",
            "availability_zone_id": "use1-az2",
            "cidr_block": "10.0.4.0/24",
            "customer_owned_ipv4_pool": "",
            "enable_dns64": false,
            "enable_lni_at_device_index": 0,
            "enable_resource_name_dns_a_record_on_launch": false,
            "enable_resource_name_dns_aaaa_record_on_launch": false,
            "id": "subnet-01212a4121037ba0a",
            "ipv6_cidr_block": "",
            "ipv6_cidr_block_association_id": "",
            "ipv6_native": false,
            "map_customer_owned_ip_on_launch": false,
            "map_public_ip_on_launch": false,
            "outpost_arn": "",
            "owner_id": "557690623053",
            "private_dns_hostname_type_on_launch": "ip-name",
            "tags": {
              "Name": "pri-sub4",
              "kubernetes.io/cluster/ToDo-App": "shared",
              "kubernetes.io/role/internal-elb": "1"
            },
            "tags_all": {
              "Name": "pri-sub4",
              "kubernetes.io/cluster/ToDo-App": "shared",
              "kubernetes.io/role/internal-elb": "1"
            },
            "timeouts": null,
            "vpc_id": "vpc-00af642f57e949c8a"
          },
          "sensitive_attributes": [],
          "private": "eyJlMmJmYjczMC1lY2FhLTExZTYtOGY4OC0zNDM2M2JjN2M0YzAiOnsiY3JlYXRlIjo2MDAwMDAwMDAwMDAsImRlbGV0ZSI6MTIwMDAwMDAwMDAwMH0sInNjaGVtYV92ZXJzaW9uIjoiMSJ9",
          "dependencies": [
            "module.VPC.aws_vpc.vpc",
            "module.VPC.data.aws_availability_zones.availability_zones"
          ]
        }
      ]
    },
    {
      "module": "module.VPC",
      "mode": "managed",
      "type": "aws_subnet",
      "name": "pub_sub1",
      "provider": "provider[\"registry.terraform.io/hashicorp/aws\"]",
      "instances": [
        {
          "schema_version": 1,
          "attributes": {
            "arn": "arn:aws:ec2:us-east-1:557690623053:subnet/subnet-0cb5f70f335b7bbab",
            "assign_ipv6_address_on_creation": false,
            "availability_zone": "us-east-1a",
            "availability_zone_id": "use1-az1",
            "cidr_block": "10.0.1.0/24",
            "customer_owned_ipv4_pool": "",
            "enable_dns64": false,
            "enable_lni_at_device_index": 0,
            "enable_resource_name_dns_a_record_on_launch": false,
            "enable_resource_name_dns_aaaa_record_on_launch": false,
            "id": "subnet-0cb5f70f335b7bbab",
            "ipv6_cidr_block": "",
            "ipv6_cidr_block_association_id": "",
            "ipv6_native": false,
            "map_customer_owned_ip_on_launch": false,
            "map_public_ip_on_launch": true,
            "outpost_arn": "",
            "owner_id": "557690623053",
            "private_dns_hostname_type_on_launch": "ip-name",
            "tags": {
              "Name": "pub-sub1",
              "kubernetes.io/cluster/ToDo-App": "shared",
              "kubernetes.io/role/elb": "1"
            },
            "tags_all": {
              "Name": "pub-sub1",
              "kubernetes.io/cluster/ToDo-App": "shared",
              "kubernetes.io/role/elb": "1"
            },
            "timeouts": null,
            "vpc_id": "vpc-00af642f57e949c8a"
          },
          "sensitive_attributes": [],
          "private": "eyJlMmJmYjczMC1lY2FhLTExZTYtOGY4OC0zNDM2M2JjN2M0YzAiOnsiY3JlYXRlIjo2MDAwMDAwMDAwMDAsImRlbGV0ZSI6MTIwMDAwMDAwMDAwMH0sInNjaGVtYV92ZXJzaW9uIjoiMSJ9",
          "dependencies": [
            "module.VPC.aws_vpc.vpc",
            "module.VPC.data.aws_availability_zones.availability_zones"
          ]
        }
      ]
    },
    {
      "module": "module.VPC",
      "mode": "managed",
      "type": "aws_subnet",
      "name": "pub_sub2",
      "provider": "provider[\"registry.terraform.io/hashicorp/aws\"]",
      "instances": [
        {
          "schema_version": 1,
          "attributes": {
            "arn": "arn:aws:ec2:us-east-1:557690623053:subnet/subnet-0ce0d10d07201de41",
            "assign_ipv6_address_on_creation": false,
            "availability_zone": "us-east-1b",
            "availability_zone_id": "use1-az2",
            "cidr_block": "10.0.2.0/24",
            "customer_owned_ipv4_pool": "",
            "enable_dns64": false,
            "enable_lni_at_device_index": 0,
            "enable_resource_name_dns_a_record_on_launch": false,
            "enable_resource_name_dns_aaaa_record_on_launch": false,
            "id": "subnet-0ce0d10d07201de41",
            "ipv6_cidr_block": "",
            "ipv6_cidr_block_association_id": "",
            "ipv6_native": false,
            "map_customer_owned_ip_on_launch": false,
            "map_public_ip_on_launch": true,
            "outpost_arn": "",
            "owner_id": "557690623053",
            "private_dns_hostname_type_on_launch": "ip-name",
            "tags": {
              "Name": "pub-sub2",
              "kubernetes.io/cluster/ToDo-App": "shared",
              "kubernetes.io/role/elb": "1"
            },
            "tags_all": {
              "Name": "pub-sub2",
              "kubernetes.io/cluster/ToDo-App": "shared",
              "kubernetes.io/role/elb": "1"
            },
            "timeouts": null,
            "vpc_id": "vpc-00af642f57e949c8a"
          },
          "sensitive_attributes": [],
          "private": "eyJlMmJmYjczMC1lY2FhLTExZTYtOGY4OC0zNDM2M2JjN2M0YzAiOnsiY3JlYXRlIjo2MDAwMDAwMDAwMDAsImRlbGV0ZSI6MTIwMDAwMDAwMDAwMH0sInNjaGVtYV92ZXJzaW9uIjoiMSJ9",
          "dependencies": [
            "module.VPC.aws_vpc.vpc",
            "module.VPC.data.aws_availability_zones.availability_zones"
          ]
        }
      ]
    },
    {
      "module": "module.VPC",
      "mode": "managed",
      "type": "aws_vpc",
      "name": "vpc",
      "provider": "provider[\"registry.terraform.io/hashicorp/aws\"]",
      "instances": [
        {
          "schema_version": 1,
          "attributes": {
            "arn": "arn:aws:ec2:us-east-1:557690623053:vpc/vpc-00af642f57e949c8a",
            "assign_generated_ipv6_cidr_block": false,
            "cidr_block": "10.0.0.0/16",
            "default_network_acl_id": "acl-0486ceff0e84cec04",
            "default_route_table_id": "rtb-0df23cd7dd44c3609",
            "default_security_group_id": "sg-0c5338ad728a5e09c",
            "dhcp_options_id": "dopt-0eca837861d0da740",
            "enable_classiclink": false,
            "enable_classiclink_dns_support": false,
            "enable_dns_hostnames": true,
            "enable_dns_support": true,
            "enable_network_address_usage_metrics": false,
            "id": "vpc-00af642f57e949c8a",
            "instance_tenancy": "default",
            "ipv4_ipam_pool_id": null,
            "ipv4_netmask_length": null,
            "ipv6_association_id": "",
            "ipv6_cidr_block": "",
            "ipv6_cidr_block_network_border_group": "",
            "ipv6_ipam_pool_id": "",
            "ipv6_netmask_length": 0,
            "main_route_table_id": "rtb-0df23cd7dd44c3609",
            "owner_id": "557690623053",
            "tags": {
              "Name": "ToDo-App-vpc"
            },
            "tags_all": {
              "Name": "ToDo-App-vpc"
            }
          },
          "sensitive_attributes": [],
          "private": "eyJzY2hlbWFfdmVyc2lvbiI6IjEifQ=="
        }
      ]
    }
  ],
  "check_results": null
}
